{
  "name": "scanima-eval",
  "version": "0.1.0",
  "lockfileVersion": 3,
  "requires": true,
  "packages": {
    "": {
      "name": "scanima-eval",
      "version": "0.1.0",
      "dependencies": {
        "imagescript": "1.2.15"
      },
      "engines": {
        "node": ">=20"
      }
    },
    "node_modules/imagescript": {
      "version": "1.2.15",
      "resolved": "https://registry.npmjs.org/imagescript/-/imagescript-1.2.15.tgz",
      "integrity": "sha512-um9tWylwZrK2T7hzMlajRB6sGEgjYQYFm5jKommOV/v2ANpLozyVBGhe3ZeYxCO1lLh/QZqpGq7u6qOyUrh8DQ==",
      "license": "AGPL-3.0-or-later",
      "engines": {
        "node": ">=14.0.0"
      }
    }
  }
}
